
Microsoft Visual Studio Solution File, Format Version 12.00
# Visual Studio Version 17
VisualStudioVersion = 17.4.33213.308
MinimumVisualStudioVersion = 10.0.40219.1
Project("{FAE04EC0-301F-11D3-BF4B-00C04F79EFBC}") = "HTTPServerFromScratch", "HTTPServerFromScratch\HTTPServerFromScratch.csproj", "{164F78A3-DD4E-44C4-9DFC-31AE5ABEA38D}"
EndProject
Project("{FAE04EC0-301F-11D3-BF4B-00C04F79EFBC}") = "HTTPServerFromScratch.ItSelf", "HTTPServerFromScratch.ItSelf\HTTPServerFromScratch.ItSelf.csproj", "{272903AE-E99B-4D40-BAF5-940D4BBF2203}"
EndProject
Global
	GlobalSection(SolutionConfigurationPlatforms) = preSolution
		Debug|Any CPU = Debug|Any CPU
		Release|Any CPU = Release|Any CPU
	EndGlobalSection
	GlobalSection(ProjectConfigurationPlatforms) = postSolution
		{164F78A3-DD4E-44C4-9DFC-31AE5ABEA38D}.Debug|Any CPU.ActiveCfg = Debug|Any CPU
		{164F78A3-DD4E-44C4-9DFC-31AE5ABEA38D}.Debug|Any CPU.Build.0 = Debug|Any CPU
		{164F78A3-DD4E-44C4-9DFC-31AE5ABEA38D}.Release|Any CPU.ActiveCfg = Release|Any CPU
		{164F78A3-DD4E-44C4-9DFC-31AE5ABEA38D}.Release|Any CPU.Build.0 = Release|Any CPU
		{272903AE-E99B-4D40-BAF5-940D4BBF2203}.Debug|Any CPU.ActiveCfg = Debug|Any CPU
		{272903AE-E99B-4D40-BAF5-940D4BBF2203}.Debug|Any CPU.Build.0 = Debug|Any CPU
		{272903AE-E99B-4D40-BAF5-940D4BBF2203}.Release|Any CPU.ActiveCfg = Release|Any CPU
		{272903AE-E99B-4D40-BAF5-940D4BBF2203}.Release|Any CPU.Build.0 = Release|Any CPU
	EndGlobalSection
	GlobalSection(SolutionProperties) = preSolution
		HideSolutionNode = FALSE
	EndGlobalSection
	GlobalSection(ExtensibilityGlobals) = postSolution
		SolutionGuid = {ECF1193A-8856-4A74-9BFB-9D725D151312}
	EndGlobalSection
EndGlobal
